
Microsoft Visual Studio Solution File, Format Version 12.00
# Visual Studio Version 17
VisualStudioVersion = 17.4.33205.214
MinimumVisualStudioVersion = 10.0.40219.1
Project("{FAE04EC0-301F-11D3-BF4B-00C04F79EFBC}") = "like_popularity", "like_popularity.csproj", "{435AC213-1809-4F6F-AE57-00E43F002D12}"
EndProject
Global
	GlobalSection(SolutionConfigurationPlatforms) = preSolution
		Debug|Any CPU = Debug|Any CPU
		Release|Any CPU = Release|Any CPU
	EndGlobalSection
	GlobalSection(ProjectConfigurationPlatforms) = postSolution
		{435AC213-1809-4F6F-AE57-00E43F002D12}.Debug|Any CPU.ActiveCfg = Debug|Any CPU
		{435AC213-1809-4F6F-AE57-00E43F002D12}.Debug|Any CPU.Build.0 = Debug|Any CPU
		{435AC213-1809-4F6F-AE57-00E43F002D12}.Release|Any CPU.ActiveCfg = Release|Any CPU
		{435AC213-1809-4F6F-AE57-00E43F002D12}.Release|Any CPU.Build.0 = Release|Any CPU
	EndGlobalSection
	GlobalSection(SolutionProperties) = preSolution
		HideSolutionNode = FALSE
	EndGlobalSection
	GlobalSection(ExtensibilityGlobals) = postSolution
		SolutionGuid = {DED6EA7A-1568-4012-8A57-627547BF6E65}
	EndGlobalSection
EndGlobal
